
Microsoft Visual Studio Solution File, Format Version 12.00
# Visual Studio Version 16
VisualStudioVersion = 16.0.31205.134
MinimumVisualStudioVersion = 10.0.40219.1
Project("{9A19103F-16F7-4668-BE54-9A1E7A4F7556}") = "SocialMarket", "SocialMarket\SocialMarket.csproj", "{D31AF889-520E-424F-9118-768F91A84C38}"
EndProject
Project("{9A19103F-16F7-4668-BE54-9A1E7A4F7556}") = "SocialMarket.Entity", "SocialMarket.Entity\SocialMarket.Entity.csproj", "{A6274F66-A67A-4312-86EF-381390FC224D}"
EndProject
Project("{9A19103F-16F7-4668-BE54-9A1E7A4F7556}") = "SocialMarket.Models", "SocialMarket.Models\SocialMarket.Models.csproj", "{F9C69439-AD3D-42D1-8434-7B210A39348C}"
EndProject
Project("{9A19103F-16F7-4668-BE54-9A1E7A4F7556}") = "SocialMarket.Repo", "SocialMarket.Repo\SocialMarket.Repo.csproj", "{91154BE4-BF2D-4B3E-9E3B-343B98BEA18C}"
EndProject
Project("{9A19103F-16F7-4668-BE54-9A1E7A4F7556}") = "SocialMarket.ModuleService", "SocialMarket.ModuleService\SocialMarket.ModuleService.csproj", "{DCC9D49A-2CA8-488A-926B-3FD3610C1627}"
EndProject
Project("{9A19103F-16F7-4668-BE54-9A1E7A4F7556}") = "SocialMarket.Social", "SocialMarket.Social\SocialMarket.Social.csproj", "{8E73245F-2341-4764-BDB2-2CFB63A906CB}"
EndProject
Global
	GlobalSection(SolutionConfigurationPlatforms) = preSolution
		Debug|Any CPU = Debug|Any CPU
		Release|Any CPU = Release|Any CPU
	EndGlobalSection
	GlobalSection(ProjectConfigurationPlatforms) = postSolution
		{D31AF889-520E-424F-9118-768F91A84C38}.Debug|Any CPU.ActiveCfg = Debug|Any CPU
		{D31AF889-520E-424F-9118-768F91A84C38}.Debug|Any CPU.Build.0 = Debug|Any CPU
		{D31AF889-520E-424F-9118-768F91A84C38}.Release|Any CPU.ActiveCfg = Release|Any CPU
		{D31AF889-520E-424F-9118-768F91A84C38}.Release|Any CPU.Build.0 = Release|Any CPU
		{A6274F66-A67A-4312-86EF-381390FC224D}.Debug|Any CPU.ActiveCfg = Debug|Any CPU
		{A6274F66-A67A-4312-86EF-381390FC224D}.Debug|Any CPU.Build.0 = Debug|Any CPU
		{A6274F66-A67A-4312-86EF-381390FC224D}.Release|Any CPU.ActiveCfg = Release|Any CPU
		{A6274F66-A67A-4312-86EF-381390FC224D}.Release|Any CPU.Build.0 = Release|Any CPU
		{F9C69439-AD3D-42D1-8434-7B210A39348C}.Debug|Any CPU.ActiveCfg = Debug|Any CPU
		{F9C69439-AD3D-42D1-8434-7B210A39348C}.Debug|Any CPU.Build.0 = Debug|Any CPU
		{F9C69439-AD3D-42D1-8434-7B210A39348C}.Release|Any CPU.ActiveCfg = Release|Any CPU
		{F9C69439-AD3D-42D1-8434-7B210A39348C}.Release|Any CPU.Build.0 = Release|Any CPU
		{91154BE4-BF2D-4B3E-9E3B-343B98BEA18C}.Debug|Any CPU.ActiveCfg = Debug|Any CPU
		{91154BE4-BF2D-4B3E-9E3B-343B98BEA18C}.Debug|Any CPU.Build.0 = Debug|Any CPU
		{91154BE4-BF2D-4B3E-9E3B-343B98BEA18C}.Release|Any CPU.ActiveCfg = Release|Any CPU
		{91154BE4-BF2D-4B3E-9E3B-343B98BEA18C}.Release|Any CPU.Build.0 = Release|Any CPU
		{DCC9D49A-2CA8-488A-926B-3FD3610C1627}.Debug|Any CPU.ActiveCfg = Debug|Any CPU
		{DCC9D49A-2CA8-488A-926B-3FD3610C1627}.Debug|Any CPU.Build.0 = Debug|Any CPU
		{DCC9D49A-2CA8-488A-926B-3FD3610C1627}.Release|Any CPU.ActiveCfg = Release|Any CPU
		{DCC9D49A-2CA8-488A-926B-3FD3610C1627}.Release|Any CPU.Build.0 = Release|Any CPU
		{8E73245F-2341-4764-BDB2-2CFB63A906CB}.Debug|Any CPU.ActiveCfg = Debug|Any CPU
		{8E73245F-2341-4764-BDB2-2CFB63A906CB}.Debug|Any CPU.Build.0 = Debug|Any CPU
		{8E73245F-2341-4764-BDB2-2CFB63A906CB}.Release|Any CPU.ActiveCfg = Release|Any CPU
		{8E73245F-2341-4764-BDB2-2CFB63A906CB}.Release|Any CPU.Build.0 = Release|Any CPU
	EndGlobalSection
	GlobalSection(SolutionProperties) = preSolution
		HideSolutionNode = FALSE
	EndGlobalSection
	GlobalSection(ExtensibilityGlobals) = postSolution
		SolutionGuid = {4219ED27-6027-4A90-9674-CA79F77B820D}
	EndGlobalSection
EndGlobal
